
Microsoft Visual Studio Solution File, Format Version 12.00
# Visual Studio Version 16
VisualStudioVersion = 16.0.31205.134
MinimumVisualStudioVersion = 10.0.40219.1
Project("{FAE04EC0-301F-11D3-BF4B-00C04F79EFBC}") = "AdapterPattern", "AdapterPattern.csproj", "{D926175D-A1EA-4A1A-AA3C-428E4FE46DA1}"
EndProject
Global
	GlobalSection(SolutionConfigurationPlatforms) = preSolution
		Debug|Any CPU = Debug|Any CPU
		Release|Any CPU = Release|Any CPU
	EndGlobalSection
	GlobalSection(ProjectConfigurationPlatforms) = postSolution
		{D926175D-A1EA-4A1A-AA3C-428E4FE46DA1}.Debug|Any CPU.ActiveCfg = Debug|Any CPU
		{D926175D-A1EA-4A1A-AA3C-428E4FE46DA1}.Debug|Any CPU.Build.0 = Debug|Any CPU
		{D926175D-A1EA-4A1A-AA3C-428E4FE46DA1}.Release|Any CPU.ActiveCfg = Release|Any CPU
		{D926175D-A1EA-4A1A-AA3C-428E4FE46DA1}.Release|Any CPU.Build.0 = Release|Any CPU
	EndGlobalSection
	GlobalSection(SolutionProperties) = preSolution
		HideSolutionNode = FALSE
	EndGlobalSection
	GlobalSection(ExtensibilityGlobals) = postSolution
		SolutionGuid = {4F1D530B-F9C1-4AB8-9767-69A6215EA417}
	EndGlobalSection
EndGlobal
